
Microsoft Visual Studio Solution File, Format Version 12.00
# Visual Studio Version 16
VisualStudioVersion = 16.0.31129.286
MinimumVisualStudioVersion = 10.0.40219.1
Project("{FAE04EC0-301F-11D3-BF4B-00C04F79EFBC}") = "StackPanel", "StackPanel.csproj", "{AF835530-819B-4789-A5BF-C3B826BB4DBB}"
EndProject
Global
	GlobalSection(SolutionConfigurationPlatforms) = preSolution
		Debug|Any CPU = Debug|Any CPU
		Release|Any CPU = Release|Any CPU
	EndGlobalSection
	GlobalSection(ProjectConfigurationPlatforms) = postSolution
		{AF835530-819B-4789-A5BF-C3B826BB4DBB}.Debug|Any CPU.ActiveCfg = Debug|Any CPU
		{AF835530-819B-4789-A5BF-C3B826BB4DBB}.Debug|Any CPU.Build.0 = Debug|Any CPU
		{AF835530-819B-4789-A5BF-C3B826BB4DBB}.Release|Any CPU.ActiveCfg = Release|Any CPU
		{AF835530-819B-4789-A5BF-C3B826BB4DBB}.Release|Any CPU.Build.0 = Release|Any CPU
	EndGlobalSection
	GlobalSection(SolutionProperties) = preSolution
		HideSolutionNode = FALSE
	EndGlobalSection
	GlobalSection(ExtensibilityGlobals) = postSolution
		SolutionGuid = {B12B8373-9144-44A0-B0BD-D175D6518F36}
	EndGlobalSection
EndGlobal
