
Microsoft Visual Studio Solution File, Format Version 12.00
# Visual Studio Version 16
VisualStudioVersion = 16.0.31129.286
MinimumVisualStudioVersion = 10.0.40219.1
Project("{FAE04EC0-301F-11D3-BF4B-00C04F79EFBC}") = "UniformGrid", "UniformGrid.csproj", "{1E1D3145-CDBA-4633-85A3-E6FA0163A5F0}"
EndProject
Global
	GlobalSection(SolutionConfigurationPlatforms) = preSolution
		Debug|Any CPU = Debug|Any CPU
		Release|Any CPU = Release|Any CPU
	EndGlobalSection
	GlobalSection(ProjectConfigurationPlatforms) = postSolution
		{1E1D3145-CDBA-4633-85A3-E6FA0163A5F0}.Debug|Any CPU.ActiveCfg = Debug|Any CPU
		{1E1D3145-CDBA-4633-85A3-E6FA0163A5F0}.Debug|Any CPU.Build.0 = Debug|Any CPU
		{1E1D3145-CDBA-4633-85A3-E6FA0163A5F0}.Release|Any CPU.ActiveCfg = Release|Any CPU
		{1E1D3145-CDBA-4633-85A3-E6FA0163A5F0}.Release|Any CPU.Build.0 = Release|Any CPU
	EndGlobalSection
	GlobalSection(SolutionProperties) = preSolution
		HideSolutionNode = FALSE
	EndGlobalSection
	GlobalSection(ExtensibilityGlobals) = postSolution
		SolutionGuid = {2B8DC5CB-9868-4556-BC84-15758A40B645}
	EndGlobalSection
EndGlobal
