
Microsoft Visual Studio Solution File, Format Version 12.00
# Visual Studio Version 16
VisualStudioVersion = 16.0.31129.286
MinimumVisualStudioVersion = 10.0.40219.1
Project("{FAE04EC0-301F-11D3-BF4B-00C04F79EFBC}") = "Var2", "Var2.csproj", "{A7184B6C-051B-4C5F-991F-3DE5C5AA41BE}"
EndProject
Global
	GlobalSection(SolutionConfigurationPlatforms) = preSolution
		Debug|Any CPU = Debug|Any CPU
		Release|Any CPU = Release|Any CPU
	EndGlobalSection
	GlobalSection(ProjectConfigurationPlatforms) = postSolution
		{A7184B6C-051B-4C5F-991F-3DE5C5AA41BE}.Debug|Any CPU.ActiveCfg = Debug|Any CPU
		{A7184B6C-051B-4C5F-991F-3DE5C5AA41BE}.Debug|Any CPU.Build.0 = Debug|Any CPU
		{A7184B6C-051B-4C5F-991F-3DE5C5AA41BE}.Release|Any CPU.ActiveCfg = Release|Any CPU
		{A7184B6C-051B-4C5F-991F-3DE5C5AA41BE}.Release|Any CPU.Build.0 = Release|Any CPU
	EndGlobalSection
	GlobalSection(SolutionProperties) = preSolution
		HideSolutionNode = FALSE
	EndGlobalSection
	GlobalSection(ExtensibilityGlobals) = postSolution
		SolutionGuid = {78D5D66D-5E94-4EB3-B543-34F41AE12AE6}
	EndGlobalSection
EndGlobal
